
Microsoft Visual Studio Solution File, Format Version 12.00
# Visual Studio Version 17
VisualStudioVersion = 17.2.32630.192
MinimumVisualStudioVersion = 10.0.40219.1
Project("{9A19103F-16F7-4668-BE54-9A1E7A4F7556}") = "BNRNew_API", "BNRNew_API\BNRNew_API.csproj", "{81F07EF6-586E-433D-A84C-FA14A15C3F08}"
EndProject
Project("{9A19103F-16F7-4668-BE54-9A1E7A4F7556}") = "BNRNew_API.tests", "BNRNew_API.tests\BNRNew_API.tests.csproj", "{BF62C883-83DA-4F14-BC02-D46D78012573}"
EndProject
Project("{FAE04EC0-301F-11D3-BF4B-00C04F79EFBC}") = "PrintClient", "PrintClient\PrintClient.csproj", "{18EFD759-051E-4A94-8D63-B0C50BFBB1A2}"
EndProject
Global
	GlobalSection(SolutionConfigurationPlatforms) = preSolution
		Debug|Any CPU = Debug|Any CPU
		Release|Any CPU = Release|Any CPU
	EndGlobalSection
	GlobalSection(ProjectConfigurationPlatforms) = postSolution
		{81F07EF6-586E-433D-A84C-FA14A15C3F08}.Debug|Any CPU.ActiveCfg = Debug|Any CPU
		{81F07EF6-586E-433D-A84C-FA14A15C3F08}.Debug|Any CPU.Build.0 = Debug|Any CPU
		{81F07EF6-586E-433D-A84C-FA14A15C3F08}.Release|Any CPU.ActiveCfg = Release|Any CPU
		{81F07EF6-586E-433D-A84C-FA14A15C3F08}.Release|Any CPU.Build.0 = Release|Any CPU
		{BF62C883-83DA-4F14-BC02-D46D78012573}.Debug|Any CPU.ActiveCfg = Debug|Any CPU
		{BF62C883-83DA-4F14-BC02-D46D78012573}.Debug|Any CPU.Build.0 = Debug|Any CPU
		{BF62C883-83DA-4F14-BC02-D46D78012573}.Release|Any CPU.ActiveCfg = Release|Any CPU
		{BF62C883-83DA-4F14-BC02-D46D78012573}.Release|Any CPU.Build.0 = Release|Any CPU
		{18EFD759-051E-4A94-8D63-B0C50BFBB1A2}.Debug|Any CPU.ActiveCfg = Debug|Any CPU
		{18EFD759-051E-4A94-8D63-B0C50BFBB1A2}.Debug|Any CPU.Build.0 = Debug|Any CPU
		{18EFD759-051E-4A94-8D63-B0C50BFBB1A2}.Release|Any CPU.ActiveCfg = Release|Any CPU
		{18EFD759-051E-4A94-8D63-B0C50BFBB1A2}.Release|Any CPU.Build.0 = Release|Any CPU
	EndGlobalSection
	GlobalSection(SolutionProperties) = preSolution
		HideSolutionNode = FALSE
	EndGlobalSection
	GlobalSection(ExtensibilityGlobals) = postSolution
		SolutionGuid = {D49E3E71-A603-4408-852F-EF88642D5B89}
	EndGlobalSection
EndGlobal
